
Microsoft Visual Studio Solution File, Format Version 12.00
# Visual Studio 15
VisualStudioVersion = 15.0.26730.12
MinimumVisualStudioVersion = 15.0.26124.0
Project("{9A19103F-16F7-4668-BE54-9A1E7A4F7556}") = "Client", "src\Client\Client.csproj", "{564E0E16-CD94-41D8-93EB-9D4B3D2E2113}"
EndProject
Project("{9A19103F-16F7-4668-BE54-9A1E7A4F7556}") = "GrainEx", "src\GrainEx\GrainEx.csproj", "{66C67211-2B0C-4890-B549-C9EEBBBE67CD}"
EndProject
Project("{9A19103F-16F7-4668-BE54-9A1E7A4F7556}") = "Server", "src\Server\Server.csproj", "{0E25756C-3077-42F8-BA5F-24C88C19A71A}"
EndProject
Project("{9A19103F-16F7-4668-BE54-9A1E7A4F7556}") = "Interface", "src\Interface\Interface.csproj", "{D3C924E6-61F0-4AF3-9E26-F692850287B9}"
EndProject
Global
	GlobalSection(SolutionConfigurationPlatforms) = preSolution
		Debug|Any CPU = Debug|Any CPU
		Debug|x64 = Debug|x64
		Debug|x86 = Debug|x86
		Release|Any CPU = Release|Any CPU
		Release|x64 = Release|x64
		Release|x86 = Release|x86
	EndGlobalSection
	GlobalSection(ProjectConfigurationPlatforms) = postSolution
		{564E0E16-CD94-41D8-93EB-9D4B3D2E2113}.Debug|Any CPU.ActiveCfg = Debug|Any CPU
		{564E0E16-CD94-41D8-93EB-9D4B3D2E2113}.Debug|Any CPU.Build.0 = Debug|Any CPU
		{564E0E16-CD94-41D8-93EB-9D4B3D2E2113}.Debug|x64.ActiveCfg = Debug|Any CPU
		{564E0E16-CD94-41D8-93EB-9D4B3D2E2113}.Debug|x64.Build.0 = Debug|Any CPU
		{564E0E16-CD94-41D8-93EB-9D4B3D2E2113}.Debug|x86.ActiveCfg = Debug|Any CPU
		{564E0E16-CD94-41D8-93EB-9D4B3D2E2113}.Debug|x86.Build.0 = Debug|Any CPU
		{564E0E16-CD94-41D8-93EB-9D4B3D2E2113}.Release|Any CPU.ActiveCfg = Release|Any CPU
		{564E0E16-CD94-41D8-93EB-9D4B3D2E2113}.Release|Any CPU.Build.0 = Release|Any CPU
		{564E0E16-CD94-41D8-93EB-9D4B3D2E2113}.Release|x64.ActiveCfg = Release|Any CPU
		{564E0E16-CD94-41D8-93EB-9D4B3D2E2113}.Release|x64.Build.0 = Release|Any CPU
		{564E0E16-CD94-41D8-93EB-9D4B3D2E2113}.Release|x86.ActiveCfg = Release|Any CPU
		{564E0E16-CD94-41D8-93EB-9D4B3D2E2113}.Release|x86.Build.0 = Release|Any CPU
		{66C67211-2B0C-4890-B549-C9EEBBBE67CD}.Debug|Any CPU.ActiveCfg = Debug|Any CPU
		{66C67211-2B0C-4890-B549-C9EEBBBE67CD}.Debug|Any CPU.Build.0 = Debug|Any CPU
		{66C67211-2B0C-4890-B549-C9EEBBBE67CD}.Debug|x64.ActiveCfg = Debug|Any CPU
		{66C67211-2B0C-4890-B549-C9EEBBBE67CD}.Debug|x64.Build.0 = Debug|Any CPU
		{66C67211-2B0C-4890-B549-C9EEBBBE67CD}.Debug|x86.ActiveCfg = Debug|Any CPU
		{66C67211-2B0C-4890-B549-C9EEBBBE67CD}.Debug|x86.Build.0 = Debug|Any CPU
		{66C67211-2B0C-4890-B549-C9EEBBBE67CD}.Release|Any CPU.ActiveCfg = Release|Any CPU
		{66C67211-2B0C-4890-B549-C9EEBBBE67CD}.Release|Any CPU.Build.0 = Release|Any CPU
		{66C67211-2B0C-4890-B549-C9EEBBBE67CD}.Release|x64.ActiveCfg = Release|Any CPU
		{66C67211-2B0C-4890-B549-C9EEBBBE67CD}.Release|x64.Build.0 = Release|Any CPU
		{66C67211-2B0C-4890-B549-C9EEBBBE67CD}.Release|x86.ActiveCfg = Release|Any CPU
		{66C67211-2B0C-4890-B549-C9EEBBBE67CD}.Release|x86.Build.0 = Release|Any CPU
		{0E25756C-3077-42F8-BA5F-24C88C19A71A}.Debug|Any CPU.ActiveCfg = Debug|Any CPU
		{0E25756C-3077-42F8-BA5F-24C88C19A71A}.Debug|Any CPU.Build.0 = Debug|Any CPU
		{0E25756C-3077-42F8-BA5F-24C88C19A71A}.Debug|x64.ActiveCfg = Debug|Any CPU
		{0E25756C-3077-42F8-BA5F-24C88C19A71A}.Debug|x64.Build.0 = Debug|Any CPU
		{0E25756C-3077-42F8-BA5F-24C88C19A71A}.Debug|x86.ActiveCfg = Debug|Any CPU
		{0E25756C-3077-42F8-BA5F-24C88C19A71A}.Debug|x86.Build.0 = Debug|Any CPU
		{0E25756C-3077-42F8-BA5F-24C88C19A71A}.Release|Any CPU.ActiveCfg = Release|Any CPU
		{0E25756C-3077-42F8-BA5F-24C88C19A71A}.Release|Any CPU.Build.0 = Release|Any CPU
		{0E25756C-3077-42F8-BA5F-24C88C19A71A}.Release|x64.ActiveCfg = Release|Any CPU
		{0E25756C-3077-42F8-BA5F-24C88C19A71A}.Release|x64.Build.0 = Release|Any CPU
		{0E25756C-3077-42F8-BA5F-24C88C19A71A}.Release|x86.ActiveCfg = Release|Any CPU
		{0E25756C-3077-42F8-BA5F-24C88C19A71A}.Release|x86.Build.0 = Release|Any CPU
		{D3C924E6-61F0-4AF3-9E26-F692850287B9}.Debug|Any CPU.ActiveCfg = Debug|Any CPU
		{D3C924E6-61F0-4AF3-9E26-F692850287B9}.Debug|Any CPU.Build.0 = Debug|Any CPU
		{D3C924E6-61F0-4AF3-9E26-F692850287B9}.Debug|x64.ActiveCfg = Debug|Any CPU
		{D3C924E6-61F0-4AF3-9E26-F692850287B9}.Debug|x64.Build.0 = Debug|Any CPU
		{D3C924E6-61F0-4AF3-9E26-F692850287B9}.Debug|x86.ActiveCfg = Debug|Any CPU
		{D3C924E6-61F0-4AF3-9E26-F692850287B9}.Debug|x86.Build.0 = Debug|Any CPU
		{D3C924E6-61F0-4AF3-9E26-F692850287B9}.Release|Any CPU.ActiveCfg = Release|Any CPU
		{D3C924E6-61F0-4AF3-9E26-F692850287B9}.Release|Any CPU.Build.0 = Release|Any CPU
		{D3C924E6-61F0-4AF3-9E26-F692850287B9}.Release|x64.ActiveCfg = Release|Any CPU
		{D3C924E6-61F0-4AF3-9E26-F692850287B9}.Release|x64.Build.0 = Release|Any CPU
		{D3C924E6-61F0-4AF3-9E26-F692850287B9}.Release|x86.ActiveCfg = Release|Any CPU
		{D3C924E6-61F0-4AF3-9E26-F692850287B9}.Release|x86.Build.0 = Release|Any CPU
	EndGlobalSection
	GlobalSection(SolutionProperties) = preSolution
		HideSolutionNode = FALSE
	EndGlobalSection
	GlobalSection(ExtensibilityGlobals) = postSolution
		SolutionGuid = {162F4802-38A3-40F4-B2B7-DCAF8D1AE820}
	EndGlobalSection
EndGlobal
